<?xml version="1.0" encoding="utf-8"?>
<Project ToolsVersion="4.0" xmlns="http://schemas.microsoft.com/developer/msbuild/2003">
  <ItemGroup>
    <ClCompile Include="AboutDialog.cpp" />
    <ClCompile Include="dialog.cpp" />
    <ClCompile Include="dialogmodifypassword.cpp" />
    <ClCompile Include="diskdlg.cpp" />
    <ClCompile Include="fastvideo.cpp" />
    <ClCompile Include="filemanagerdlg.cpp" />
    <ClCompile Include="ftpdlg.cpp" />
    <ClCompile Include="ftppathadddlg.cpp" />
    <ClCompile Include="GeneratedFiles\Debug\moc_AboutDialog.cpp" />
    <ClCompile Include="GeneratedFiles\Debug\moc_channellistwidget.cpp" />
    <ClCompile Include="GeneratedFiles\Debug\moc_channelwidget.cpp" />
    <ClCompile Include="GeneratedFiles\Debug\moc_cwaitdlg.cpp" />
    <ClCompile Include="GeneratedFiles\Debug\moc_devicelistwidget.cpp" />
    <ClCompile Include="GeneratedFiles\Debug\moc_devicewidget.cpp" />
    <ClCompile Include="GeneratedFiles\Debug\moc_dialog.cpp" />
    <ClCompile Include="GeneratedFiles\Debug\moc_dialogdownloadfiles.cpp" />
    <ClCompile Include="GeneratedFiles\Debug\moc_dialoglogineddevices.cpp" />
    <ClCompile Include="GeneratedFiles\Debug\moc_dialogmodifypassword.cpp" />
    <ClCompile Include="GeneratedFiles\Debug\moc_diskdlg.cpp" />
    <ClCompile Include="GeneratedFiles\Debug\moc_downloadtasktreewidget.cpp" />
    <ClCompile Include="GeneratedFiles\Debug\moc_downloadwidget.cpp" />
    <ClCompile Include="GeneratedFiles\Debug\moc_fastvideo.cpp" />
    <ClCompile Include="GeneratedFiles\Debug\moc_filemanagerdlg.cpp" />
    <ClCompile Include="GeneratedFiles\Debug\moc_formdeviceinfo.cpp" />
    <ClCompile Include="GeneratedFiles\Debug\moc_formdownloadfile.cpp" />
    <ClCompile Include="GeneratedFiles\Debug\moc_formfactoryitem.cpp" />
    <ClCompile Include="GeneratedFiles\Debug\moc_formlogineddevices.cpp" />
    <ClCompile Include="GeneratedFiles\Debug\moc_ftpdlg.cpp" />
    <ClCompile Include="GeneratedFiles\Debug\moc_ftppathadddlg.cpp" />
    <ClCompile Include="GeneratedFiles\Debug\moc_HelpDialog.cpp" />
    <ClCompile Include="GeneratedFiles\Debug\moc_ipadddlg.cpp" />
    <ClCompile Include="GeneratedFiles\Debug\moc_IPConfigSucessDialog.cpp" />
    <ClCompile Include="GeneratedFiles\Debug\moc_listview.cpp" />
    <ClCompile Include="GeneratedFiles\Debug\moc_loginddevicedialog.cpp" />
    <ClCompile Include="GeneratedFiles\Debug\moc_loginsuccessdialog.cpp" />
    <ClCompile Include="GeneratedFiles\Debug\moc_logmanagerdlg.cpp" />
    <ClCompile Include="GeneratedFiles\Debug\moc_maindialog.cpp" />
    <ClCompile Include="GeneratedFiles\Debug\moc_mainwindow.cpp" />
    <ClCompile Include="GeneratedFiles\Debug\moc_messageboxdlg.cpp" />
    <ClCompile Include="GeneratedFiles\Debug\moc_mybasedialog.cpp" />
    <ClCompile Include="GeneratedFiles\Debug\moc_myipaddressedit.cpp" />
    <ClCompile Include="GeneratedFiles\Debug\moc_netdlg.cpp" />
    <ClCompile Include="GeneratedFiles\Debug\moc_noflamedlg.cpp" />
    <ClCompile Include="GeneratedFiles\Debug\moc_playrecordfilewidget.cpp" />
    <ClCompile Include="GeneratedFiles\Debug\moc_ProductDialog.cpp" />
    <ClCompile Include="GeneratedFiles\Debug\moc_progressdlg.cpp" />
    <ClCompile Include="GeneratedFiles\Debug\moc_qgiflabel.cpp" />
    <ClCompile Include="GeneratedFiles\Debug\moc_sharedlg.cpp" />
    <ClCompile Include="GeneratedFiles\Debug\moc_sharepathadddlg.cpp" />
    <ClCompile Include="GeneratedFiles\Debug\moc_singleapllication.cpp" />
    <ClCompile Include="GeneratedFiles\Debug\moc_sourcefilewidget.cpp" />
    <ClCompile Include="GeneratedFiles\Debug\moc_TaskLogDialog.cpp" />
    <ClCompile Include="GeneratedFiles\Debug\moc_TaskLogRecordDialog.cpp" />
    <ClCompile Include="GeneratedFiles\Debug\moc_taskwidget.cpp" />
    <ClCompile Include="GeneratedFiles\Debug\moc_TempAuthDialog.cpp" />
    <ClCompile Include="GeneratedFiles\Debug\moc_timedialog.cpp" />
    <ClCompile Include="GeneratedFiles\Debug\moc_timeedit.cpp" />
    <ClCompile Include="GeneratedFiles\Debug\moc_tooldlg.cpp" />
    <ClCompile Include="GeneratedFiles\Debug\moc_UpdateDialog.cpp" />
    <ClCompile Include="GeneratedFiles\Debug\moc_VerifyDialog.cpp" />
    <ClCompile Include="GeneratedFiles\qrc_fastvideo.cpp" />
    <ClCompile Include="GeneratedFiles\qrc_res.cpp" />
    <ClCompile Include="GeneratedFiles\Release\moc_AboutDialog.cpp" />
    <ClCompile Include="GeneratedFiles\Release\moc_channellistwidget.cpp" />
    <ClCompile Include="GeneratedFiles\Release\moc_channelwidget.cpp" />
    <ClCompile Include="GeneratedFiles\Release\moc_cwaitdlg.cpp" />
    <ClCompile Include="GeneratedFiles\Release\moc_devicelistwidget.cpp" />
    <ClCompile Include="GeneratedFiles\Release\moc_devicewidget.cpp" />
    <ClCompile Include="GeneratedFiles\Release\moc_dialog.cpp" />
    <ClCompile Include="GeneratedFiles\Release\moc_dialogdownloadfiles.cpp" />
    <ClCompile Include="GeneratedFiles\Release\moc_dialoglogineddevices.cpp" />
    <ClCompile Include="GeneratedFiles\Release\moc_dialogmodifypassword.cpp" />
    <ClCompile Include="GeneratedFiles\Release\moc_diskdlg.cpp" />
    <ClCompile Include="GeneratedFiles\Release\moc_downloadtasktreewidget.cpp" />
    <ClCompile Include="GeneratedFiles\Release\moc_downloadwidget.cpp" />
    <ClCompile Include="GeneratedFiles\Release\moc_fastvideo.cpp" />
    <ClCompile Include="GeneratedFiles\Release\moc_filemanagerdlg.cpp" />
    <ClCompile Include="GeneratedFiles\Release\moc_formdeviceinfo.cpp" />
    <ClCompile Include="GeneratedFiles\Release\moc_formdownloadfile.cpp" />
    <ClCompile Include="GeneratedFiles\Release\moc_formfactoryitem.cpp" />
    <ClCompile Include="GeneratedFiles\Release\moc_formlogineddevices.cpp" />
    <ClCompile Include="GeneratedFiles\Release\moc_ftpdlg.cpp" />
    <ClCompile Include="GeneratedFiles\Release\moc_ftppathadddlg.cpp" />
    <ClCompile Include="GeneratedFiles\Release\moc_HelpDialog.cpp" />
    <ClCompile Include="GeneratedFiles\Release\moc_ipadddlg.cpp" />
    <ClCompile Include="GeneratedFiles\Release\moc_IPConfigSucessDialog.cpp" />
    <ClCompile Include="GeneratedFiles\Release\moc_listview.cpp" />
    <ClCompile Include="GeneratedFiles\Release\moc_loginddevicedialog.cpp" />
    <ClCompile Include="GeneratedFiles\Release\moc_loginsuccessdialog.cpp" />
    <ClCompile Include="GeneratedFiles\Release\moc_logmanagerdlg.cpp" />
    <ClCompile Include="GeneratedFiles\Release\moc_maindialog.cpp" />
    <ClCompile Include="GeneratedFiles\Release\moc_mainwindow.cpp" />
    <ClCompile Include="GeneratedFiles\Release\moc_messageboxdlg.cpp" />
    <ClCompile Include="GeneratedFiles\Release\moc_mybasedialog.cpp" />
    <ClCompile Include="GeneratedFiles\Release\moc_myipaddressedit.cpp" />
    <ClCompile Include="GeneratedFiles\Release\moc_netdlg.cpp" />
    <ClCompile Include="GeneratedFiles\Release\moc_noflamedlg.cpp" />
    <ClCompile Include="GeneratedFiles\Release\moc_playrecordfilewidget.cpp" />
    <ClCompile Include="GeneratedFiles\Release\moc_ProductDialog.cpp" />
    <ClCompile Include="GeneratedFiles\Release\moc_progressdlg.cpp" />
    <ClCompile Include="GeneratedFiles\Release\moc_qgiflabel.cpp" />
    <ClCompile Include="GeneratedFiles\Release\moc_sharedlg.cpp" />
    <ClCompile Include="GeneratedFiles\Release\moc_sharepathadddlg.cpp" />
    <ClCompile Include="GeneratedFiles\Release\moc_singleapllication.cpp" />
    <ClCompile Include="GeneratedFiles\Release\moc_sourcefilewidget.cpp" />
    <ClCompile Include="GeneratedFiles\Release\moc_TaskLogDialog.cpp" />
    <ClCompile Include="GeneratedFiles\Release\moc_TaskLogRecordDialog.cpp" />
    <ClCompile Include="GeneratedFiles\Release\moc_taskwidget.cpp" />
    <ClCompile Include="GeneratedFiles\Release\moc_TempAuthDialog.cpp" />
    <ClCompile Include="GeneratedFiles\Release\moc_timedialog.cpp" />
    <ClCompile Include="GeneratedFiles\Release\moc_timeedit.cpp" />
    <ClCompile Include="GeneratedFiles\Release\moc_tooldlg.cpp" />
    <ClCompile Include="GeneratedFiles\Release\moc_UpdateDialog.cpp" />
    <ClCompile Include="GeneratedFiles\Release\moc_VerifyDialog.cpp" />
    <ClCompile Include="GetMac.cpp" />
    <ClCompile Include="HelpDialog.cpp" />
    <ClCompile Include="ipadddlg.cpp" />
    <ClCompile Include="IPConfigSucessDialog.cpp" />
    <ClCompile Include="logdata.cpp" />
    <ClCompile Include="logmanagerdlg.cpp" />
    <ClCompile Include="main.cpp" />
    <ClCompile Include="mainwindow.cpp" />
    <ClCompile Include="md5.cpp" />
    <ClCompile Include="mybasedialog.cpp" />
    <ClCompile Include="myfilecheckdirmodel.cpp" />
    <ClCompile Include="myipaddressedit.cpp" />
    <ClCompile Include="netdlg.cpp" />
    <ClCompile Include="ProductDialog.cpp" />
    <ClCompile Include="progressdlg.cpp" />
    <ClCompile Include="safedisk.cpp" />
    <ClCompile Include="SAGESSDDll.cpp" />
    <ClCompile Include="ServerCallback.cpp" />
    <ClCompile Include="settings.cpp" />
    <ClCompile Include="sharedlg.cpp" />
    <ClCompile Include="sharepathadddlg.cpp" />
    <ClCompile Include="sourcefilewidget.cpp" />
    <ClCompile Include="SqlUtils.cpp" />
    <ClCompile Include="TaskLog.cpp" />
    <ClCompile Include="TaskLogDialog.cpp" />
    <ClCompile Include="TaskLogRecordDialog.cpp" />
    <ClCompile Include="TempAuthDialog.cpp" />
    <ClCompile Include="tooldlg.cpp" />
    <ClCompile Include="UpdateDialog.cpp" />
    <ClCompile Include="Verify.cpp" />
    <ClCompile Include="VerifyDialog.cpp" />
    <ClCompile Include="VideoDownloader\channellistwidget.cpp" />
    <ClCompile Include="VideoDownloader\channelwidget.cpp" />
    <ClCompile Include="VideoDownloader\cwaitdlg.cpp" />
    <ClCompile Include="VideoDownloader\devicelistwidget.cpp" />
    <ClCompile Include="VideoDownloader\devicewidget.cpp" />
    <ClCompile Include="VideoDownloader\dialogdownloadfiles.cpp" />
    <ClCompile Include="VideoDownloader\dialoglogineddevices.cpp" />
    <ClCompile Include="VideoDownloader\downloadtask.cpp" />
    <ClCompile Include="VideoDownloader\downloadtasktreewidget.cpp" />
    <ClCompile Include="VideoDownloader\downloadwidget.cpp" />
    <ClCompile Include="VideoDownloader\formdeviceinfo.cpp" />
    <ClCompile Include="VideoDownloader\formdownloadfile.cpp" />
    <ClCompile Include="VideoDownloader\formfactoryitem.cpp" />
    <ClCompile Include="VideoDownloader\formlogineddevices.cpp" />
    <ClCompile Include="VideoDownloader\globalvariables.cpp" />
    <ClCompile Include="VideoDownloader\listview.cpp" />
    <ClCompile Include="VideoDownloader\log.cpp" />
    <ClCompile Include="VideoDownloader\loginddevicedialog.cpp" />
    <ClCompile Include="VideoDownloader\LoginInfo.pb.cc" />
    <ClCompile Include="VideoDownloader\loginsuccessdialog.cpp" />
    <ClCompile Include="VideoDownloader\maindialog.cpp" />
    <ClCompile Include="VideoDownloader\noflamedlg.cpp" />
    <ClCompile Include="VideoDownloader\PING.cpp" />
    <ClCompile Include="VideoDownloader\playrecordfilewidget.cpp" />
    <ClCompile Include="VideoDownloader\qgiflabel.cpp" />
    <ClCompile Include="VideoDownloader\RecordInfo.pb.cc" />
    <ClCompile Include="VideoDownloader\screenadaption.cpp" />
    <ClCompile Include="VideoDownloader\singleapllication.cpp" />
    <ClCompile Include="VideoDownloader\taskwidget.cpp" />
    <ClCompile Include="VideoDownloader\timedialog.cpp" />
    <ClCompile Include="VideoDownloader\timeedit.cpp" />
    <ClCompile Include="VideoDownloader\uiutils.cpp" />
    <ClCompile Include="VideoDownloader\utils.cpp" />
    <ClCompile Include="VideoDownloader\videoserver.cpp" />
    <ClCompile Include="VideoDownloader\videoserverSvr.cpp" />
    <ClCompile Include="VideoDownloader\windowutils.cpp" />
    <ClCompile Include="VideoDownloader\xmlsettings.cpp" />
    <ClCompile Include="VideoDownloader\messageboxdlg.cpp">
      <Filter>Source Files</Filter>
    </ClCompile>
    <ClCompile Include="GeneratedFiles\Debug\moc_playflamedlg.cpp">
      <Filter>Generated Files\Debug</Filter>
    </ClCompile>
    <ClCompile Include="GeneratedFiles\Release\moc_playflamedlg.cpp">
      <Filter>Generated Files\Release</Filter>
    </ClCompile>
    <ClCompile Include="VideoDownloader\playflamedlg.cpp" />
    <ClCompile Include="VideoDownloader\DeviceInfo.pb.cc" />
    <ClCompile Include="VideoDownloader\founddevicedialog.cpp">
      <Filter>Source Files</Filter>
    </ClCompile>
    <ClCompile Include="GeneratedFiles\Debug\moc_founddevicedialog.cpp">
      <Filter>Generated Files\Debug</Filter>
    </ClCompile>
    <ClCompile Include="GeneratedFiles\Release\moc_founddevicedialog.cpp">
      <Filter>Generated Files\Release</Filter>
    </ClCompile>
  </ItemGroup>
  <ItemGroup>
    <ClInclude Include="GeneratedFiles\ui_channelwidget.h" />
    <ClInclude Include="GeneratedFiles\ui_cwaitdlg.h" />
    <ClInclude Include="GeneratedFiles\ui_devicewidget.h" />
    <ClInclude Include="GeneratedFiles\ui_dialog.h" />
    <ClInclude Include="GeneratedFiles\ui_dialogdownloadfiles.h" />
    <ClInclude Include="GeneratedFiles\ui_dialoglogineddevices.h" />
    <ClInclude Include="GeneratedFiles\ui_dialogmodifypassword.h" />
    <ClInclude Include="GeneratedFiles\ui_downloadtask.h" />
    <ClInclude Include="GeneratedFiles\ui_downloadwidget.h" />
    <ClInclude Include="GeneratedFiles\ui_formdeviceinfo.h" />
    <ClInclude Include="GeneratedFiles\ui_formfactoryitem.h" />
    <ClInclude Include="GeneratedFiles\ui_formlogineddevices.h" />
    <ClInclude Include="GeneratedFiles\ui_ftppathadddlg.h" />
    <ClInclude Include="GeneratedFiles\ui_HelpDialog.h" />
    <ClInclude Include="GeneratedFiles\ui_ipadddlg.h" />
    <ClInclude Include="GeneratedFiles\ui_IPConfigSucessDialog.h" />
    <ClInclude Include="GeneratedFiles\ui_loginddevicedialog.h" />
    <ClInclude Include="GeneratedFiles\ui_loginsuccessdialog.h" />
    <ClInclude Include="GeneratedFiles\ui_logmanagerdlg.h" />
    <ClInclude Include="GeneratedFiles\ui_maindialog.h" />
    <ClInclude Include="GeneratedFiles\ui_mainwindow.h" />
    <ClInclude Include="GeneratedFiles\ui_messageboxdlg.h" />
    <ClInclude Include="GeneratedFiles\ui_myipaddressedit.h" />
    <ClInclude Include="GeneratedFiles\ui_netdlg.h" />
    <ClInclude Include="GeneratedFiles\ui_playrecordfilewidget.h" />
    <ClInclude Include="GeneratedFiles\ui_ProductDialog.h" />
    <ClInclude Include="GeneratedFiles\ui_progressdlg.h" />
    <ClInclude Include="GeneratedFiles\ui_sharedlg.h" />
    <ClInclude Include="GeneratedFiles\ui_sharepathadddlg.h" />
    <ClInclude Include="GeneratedFiles\ui_sourcefilewidget.h" />
    <ClInclude Include="GeneratedFiles\ui_TaskLogDialog.h" />
    <ClInclude Include="GeneratedFiles\ui_TaskLogRecordDialog.h" />
    <ClInclude Include="GeneratedFiles\ui_taskwidget.h" />
    <ClInclude Include="GeneratedFiles\ui_TempAuthDialog.h" />
    <ClInclude Include="GeneratedFiles\ui_timedialog.h" />
    <ClInclude Include="GeneratedFiles\ui_tooldlg.h" />
    <ClInclude Include="GeneratedFiles\ui_UpdateDialog.h" />
    <ClInclude Include="GeneratedFiles\ui_VerifyDialog.h" />
    <ClInclude Include="GetMac.h" />
    <ClInclude Include="logdata.h" />
    <ClInclude Include="md5.h" />
    <ClInclude Include="myfilecheckdirmodel.h" />
    <ClInclude Include="qss.h" />
    <ClInclude Include="resource.h" />
    <ClInclude Include="safedisk.h" />
    <ClInclude Include="SAGESSDDll.h" />
    <ClInclude Include="ServerCallback.h" />
    <ClInclude Include="settings.h" />
    <ClInclude Include="SqlTableMembers.h" />
    <ClInclude Include="SqlUtils.h" />
    <ClInclude Include="TaskLog.h" />
    <ClInclude Include="Verify.h" />
    <ClInclude Include="VideoDownloader\customEvent.h" />
    <ClInclude Include="VideoDownloader\downloadtask.h" />
    <ClInclude Include="VideoDownloader\log.h" />
    <ClInclude Include="VideoDownloader\LoginInfo.pb.h" />
    <ClInclude Include="VideoDownloader\PING.h" />
    <ClInclude Include="VideoDownloader\RecordInfo.pb.h" />
    <ClInclude Include="VideoDownloader\screenadaption.h" />
    <ClInclude Include="VideoDownloader\Service.h" />
    <ClInclude Include="VideoDownloader\ServiceUtils.h" />
    <ClInclude Include="VideoDownloader\uiutils.h" />
    <ClInclude Include="VideoDownloader\utils.h" />
    <ClInclude Include="VideoDownloader\videoserver.h" />
    <ClInclude Include="VideoDownloader\videoserversSvr.h" />
    <ClInclude Include="VideoDownloader\windowutils.h" />
    <ClInclude Include="VideoDownloader\xmlsettings.h" />
    <ClInclude Include="GeneratedFiles\ui_ftpdlg.h" />
    <ClInclude Include="GeneratedFiles\ui_filemanagerdlg.h" />
    <ClInclude Include="GeneratedFiles\ui_diskdlg.h" />
    <ClInclude Include="GeneratedFiles\ui_fastvideo.h" />
    <ClInclude Include="VideoDownloader\DeviceInfo.pb.h">
      <Filter>Header Files</Filter>
    </ClInclude>
    <ClInclude Include="GeneratedFiles\ui_founddevicedialog.h">
      <Filter>Generated Files</Filter>
    </ClInclude>
  </ItemGroup>
  <ItemGroup>
    <CustomBuild Include="fastvideo.h" />
    <CustomBuild Include="fastvideo.ui" />
    <CustomBuild Include="AboutDialog.h" />
    <CustomBuild Include="dialog.h" />
    <CustomBuild Include="dialogmodifypassword.h" />
    <CustomBuild Include="HelpDialog.h" />
    <CustomBuild Include="IPConfigSucessDialog.h" />
    <CustomBuild Include="ProductDialog.h" />
    <CustomBuild Include="tooldlg.h" />
    <CustomBuild Include="UpdateDialog.h" />
    <CustomBuild Include="VerifyDialog.h" />
    <CustomBuild Include="TempAuthDialog.h" />
    <CustomBuild Include="TaskLogRecordDialog.h" />
    <CustomBuild Include="TaskLogDialog.h" />
    <CustomBuild Include="VideoDownloader\timeedit.h" />
    <CustomBuild Include="VideoDownloader\timedialog.h" />
    <CustomBuild Include="VideoDownloader\taskwidget.h" />
    <CustomBuild Include="VideoDownloader\singleapllication.h" />
    <CustomBuild Include="VideoDownloader\qgiflabel.h" />
    <CustomBuild Include="VideoDownloader\playrecordfilewidget.h" />
    <CustomBuild Include="VideoDownloader\noflamedlg.h" />
    <CustomBuild Include="VideoDownloader\maindialog.h" />
    <CustomBuild Include="VideoDownloader\loginsuccessdialog.h" />
    <CustomBuild Include="VideoDownloader\loginddevicedialog.h" />
    <CustomBuild Include="VideoDownloader\listview.h" />
    <CustomBuild Include="VideoDownloader\formlogineddevices.h" />
    <CustomBuild Include="VideoDownloader\formfactoryitem.h" />
    <CustomBuild Include="VideoDownloader\formdownloadfile.h" />
    <CustomBuild Include="VideoDownloader\formdeviceinfo.h" />
    <CustomBuild Include="VideoDownloader\downloadwidget.h" />
    <CustomBuild Include="VideoDownloader\downloadtasktreewidget.h" />
    <CustomBuild Include="VideoDownloader\dialoglogineddevices.h" />
    <CustomBuild Include="VideoDownloader\dialogdownloadfiles.h" />
    <CustomBuild Include="VideoDownloader\devicewidget.h" />
    <CustomBuild Include="VideoDownloader\devicelistwidget.h" />
    <CustomBuild Include="VideoDownloader\cwaitdlg.h" />
    <CustomBuild Include="VideoDownloader\channelwidget.h" />
    <CustomBuild Include="VideoDownloader\channellistwidget.h" />
    <CustomBuild Include="sourcefilewidget.h" />
    <CustomBuild Include="sharepathadddlg.h" />
    <CustomBuild Include="sharedlg.h" />
    <CustomBuild Include="progressdlg.h" />
    <CustomBuild Include="netdlg.h" />
    <CustomBuild Include="myipaddressedit.h" />
    <CustomBuild Include="mybasedialog.h" />
    <CustomBuild Include="mainwindow.h" />
    <CustomBuild Include="logmanagerdlg.h" />
    <CustomBuild Include="ipadddlg.h" />
    <CustomBuild Include="ftppathadddlg.h" />
    <CustomBuild Include="ftpdlg.h" />
    <CustomBuild Include="filemanagerdlg.h" />
    <CustomBuild Include="diskdlg.h" />
    <CustomBuild Include="fastvideo.qrc" />
    <CustomBuild Include="diskdlg.ui" />
    <CustomBuild Include="filemanagerdlg.ui" />
    <CustomBuild Include="ftpdlg.ui" />
    <CustomBuild Include="ftppathadddlg.ui" />
    <CustomBuild Include="ipadddlg.ui" />
    <CustomBuild Include="logmanagerdlg.ui" />
    <CustomBuild Include="mainwindow.ui" />
    <CustomBuild Include="myipaddressedit.ui" />
    <CustomBuild Include="netdlg.ui" />
    <CustomBuild Include="progressdlg.ui" />
    <CustomBuild Include="sharedlg.ui" />
    <CustomBuild Include="sharepathadddlg.ui" />
    <CustomBuild Include="sourcefilewidget.ui" />
    <CustomBuild Include="AboutDialog.ui" />
    <CustomBuild Include="dialog.ui" />
    <CustomBuild Include="HelpDialog.ui" />
    <CustomBuild Include="ProductDialog.ui" />
    <CustomBuild Include="dialogmodifypassword.ui" />
    <CustomBuild Include="IPConfigSucessDialog.ui" />
    <CustomBuild Include="VideoDownloader\channelwidget.ui" />
    <CustomBuild Include="VideoDownloader\cwaitdlg.ui" />
    <CustomBuild Include="VideoDownloader\devicewidget.ui" />
    <CustomBuild Include="VideoDownloader\dialogdownloadfiles.ui" />
    <CustomBuild Include="VideoDownloader\dialoglogineddevices.ui" />
    <CustomBuild Include="VideoDownloader\downloadtask.ui" />
    <CustomBuild Include="VideoDownloader\downloadwidget.ui" />
    <CustomBuild Include="VideoDownloader\formdeviceinfo.ui" />
    <CustomBuild Include="VideoDownloader\formdownloadfile.ui" />
    <CustomBuild Include="VideoDownloader\formfactoryitem.ui" />
    <CustomBuild Include="VideoDownloader\formlogineddevices.ui" />
    <CustomBuild Include="VideoDownloader\loginddevicedialog.ui" />
    <CustomBuild Include="VideoDownloader\loginsuccessdialog.ui" />
    <CustomBuild Include="VideoDownloader\maindialog.ui" />
    <CustomBuild Include="VideoDownloader\playrecordfilewidget.ui" />
    <CustomBuild Include="VideoDownloader\taskwidget.ui" />
    <CustomBuild Include="VideoDownloader\timedialog.ui" />
    <CustomBuild Include="VideoDownloader\res.qrc" />
    <CustomBuild Include="tooldlg.ui" />
    <CustomBuild Include="UpdateDialog.ui" />
    <CustomBuild Include="VerifyDialog.ui" />
    <CustomBuild Include="TempAuthDialog.ui" />
    <CustomBuild Include="TaskLogRecordDialog.ui" />
    <CustomBuild Include="TaskLogDialog.ui" />
    <CustomBuild Include="VideoDownloader\messageboxdlg.h">
      <Filter>Header Files</Filter>
    </CustomBuild>
    <CustomBuild Include="VideoDownloader\messageboxdlg.ui">
      <Filter>Form Files</Filter>
    </CustomBuild>
    <CustomBuild Include="VideoDownloader\playflamedlg.h" />
    <CustomBuild Include="VideoDownloader\founddevicedialog.h">
      <Filter>Header Files</Filter>
    </CustomBuild>
    <CustomBuild Include="VideoDownloader\founddevicedialog.ui">
      <Filter>Form Files</Filter>
    </CustomBuild>
  </ItemGroup>
  <ItemGroup>
    <ResourceCompile Include="FastVideo.rc" />
  </ItemGroup>
  <ItemGroup>
    <Image Include="images\logoIcon.ico" />
  </ItemGroup>
  <ItemGroup>
    <None Include="stylesheet.qss" />
  </ItemGroup>
  <ItemGroup>
    <Filter Include="Source Files">
      <UniqueIdentifier>{4FC737F1-C7A5-4376-A066-2A32D752A2FF}</UniqueIdentifier>
      <Extensions>cpp;cxx;c;def</Extensions>
      <ParseFiles>true</ParseFiles>
    </Filter>
    <Filter Include="Header Files">
      <UniqueIdentifier>{93995380-89BD-4b04-88EB-625FBE52EBFB}</UniqueIdentifier>
      <Extensions>h</Extensions>
      <ParseFiles>true</ParseFiles>
    </Filter>
    <Filter Include="Form Files">
      <UniqueIdentifier>{99349809-55BA-4b9d-BF79-8FDBB0286EB3}</UniqueIdentifier>
      <Extensions>ui</Extensions>
      <ParseFiles>true</ParseFiles>
    </Filter>
    <Filter Include="Generated Files">
      <UniqueIdentifier>{71ED8ED8-ACB9-4CE9-BBE1-E00B30144E11}</UniqueIdentifier>
      <Extensions>moc;h;cpp</Extensions>
      <ParseFiles>true</ParseFiles>
    </Filter>
    <Filter Include="Generated Files\Debug">
      <UniqueIdentifier>{c0777c97-52a9-4f78-aa31-ab39857a1b28}</UniqueIdentifier>
      <Extensions>cpp;moc</Extensions>
      <SourceControlFiles>False</SourceControlFiles>
    </Filter>
    <Filter Include="Generated Files\Release">
      <UniqueIdentifier>{d2be12d8-eb9d-480c-8268-5af5d1097365}</UniqueIdentifier>
      <Extensions>cpp;moc</Extensions>
      <SourceControlFiles>False</SourceControlFiles>
    </Filter>
  </ItemGroup>
</Project>