
Microsoft Visual Studio Solution File, Format Version 12.00
# Visual Studio 2013
VisualStudioVersion = 12.0.21005.1
MinimumVisualStudioVersion = 10.0.40219.1
Project("{8BC9CEB8-8B4A-11D0-8D11-00A0C91BC942}") = "FastVideo", "FastVideo\FastVideo.vcxproj", "{B12702AD-ABFB-343A-A199-8E24837244A3}"
EndProject
Project("{8BC9CEB8-8B4A-11D0-8D11-00A0C91BC942}") = "VideoService", "..\VideoServer\VideoService.vcxproj", "{5A18260A-A256-3F8F-A1B2-8EF6DEAB1DF9}"
	ProjectSection(ProjectDependencies) = postProject
		{4E096400-DAF1-4B38-8318-3BFEAE0502AD} = {4E096400-DAF1-4B38-8318-3BFEAE0502AD}
		{BD694506-BCBB-4B6B-8B52-97DC874406C8} = {BD694506-BCBB-4B6B-8B52-97DC874406C8}
		{58C8660E-AF04-482B-B028-F31B0593B5C7} = {58C8660E-AF04-482B-B028-F31B0593B5C7}
		{B1667A30-28DB-4A81-8152-0355DAC12057} = {B1667A30-28DB-4A81-8152-0355DAC12057}
		{04AD7A37-4830-4F72-877E-AEF0C6B6F454} = {04AD7A37-4830-4F72-877E-AEF0C6B6F454}
		{29FEBC39-6A2F-4A92-9EFB-165CBEF11904} = {29FEBC39-6A2F-4A92-9EFB-165CBEF11904}
		{C677713E-820B-4D04-A2FB-FA692F32F9DC} = {C677713E-820B-4D04-A2FB-FA692F32F9DC}
		{1A976047-B316-4027-B08C-66D25899D0A3} = {1A976047-B316-4027-B08C-66D25899D0A3}
		{78BCFE5D-142A-4C24-917B-556CF746C647} = {78BCFE5D-142A-4C24-917B-556CF746C647}
		{30B46466-FE85-4D87-BC2D-4738656D2497} = {30B46466-FE85-4D87-BC2D-4738656D2497}
		{F54C81A8-6361-4941-BDF4-87660F80C56A} = {F54C81A8-6361-4941-BDF4-87660F80C56A}
		{812F7CBA-55EC-3A2A-9CFA-93646E05F17F} = {812F7CBA-55EC-3A2A-9CFA-93646E05F17F}
		{178D3ABB-C748-4383-8408-D1EC10187F1F} = {178D3ABB-C748-4383-8408-D1EC10187F1F}
		{C579F2C1-B5E2-4B2F-9DC1-40B9E2AE5A61} = {C579F2C1-B5E2-4B2F-9DC1-40B9E2AE5A61}
		{3D8D3CEC-53FF-4E20-B7C2-B74954CD0384} = {3D8D3CEC-53FF-4E20-B7C2-B74954CD0384}
		{949B61F0-DE10-45EC-A2C4-D5861A113C14} = {949B61F0-DE10-45EC-A2C4-D5861A113C14}
		{D6F627F5-55FD-4998-AACA-3991EC2F7F69} = {D6F627F5-55FD-4998-AACA-3991EC2F7F69}
		{67F364FA-FE3C-4225-8A97-979806C7B4FB} = {67F364FA-FE3C-4225-8A97-979806C7B4FB}
	EndProjectSection
EndProject
Project("{8BC9CEB8-8B4A-11D0-8D11-00A0C91BC942}") = "JiuAnVideoServer", "..\sdk\JiuAnVideoServer\JiuAnVideoServer.vcxproj", "{04AD7A37-4830-4F72-877E-AEF0C6B6F454}"
EndProject
Project("{8BC9CEB8-8B4A-11D0-8D11-00A0C91BC942}") = "BlueSkyVideoServer", "..\sdk\BlueSkyVideoServer\BlueSkyVideoServer.vcxproj", "{812F7CBA-55EC-3A2A-9CFA-93646E05F17F}"
EndProject
Project("{8BC9CEB8-8B4A-11D0-8D11-00A0C91BC942}") = "DHVideoServer", "..\sdk\DHVideoServer\DHVideoServer.vcxproj", "{BD694506-BCBB-4B6B-8B52-97DC874406C8}"
EndProject
Project("{8BC9CEB8-8B4A-11D0-8D11-00A0C91BC942}") = "DiZhiPuVideoServer", "..\sdk\DiZhiPuVideoServer\DiZhiPuVideoServer.vcxproj", "{4E096400-DAF1-4B38-8318-3BFEAE0502AD}"
EndProject
Project("{8BC9CEB8-8B4A-11D0-8D11-00A0C91BC942}") = "DLDMVideoServer", "..\sdk\DLDMVideoServer\DLDMVideoServer.vcxproj", "{D6F627F5-55FD-4998-AACA-3991EC2F7F69}"
EndProject
Project("{8BC9CEB8-8B4A-11D0-8D11-00A0C91BC942}") = "DYVideoServer", "..\sdk\DongYang\DYVideoServer.vcxproj", "{30B46466-FE85-4D87-BC2D-4738656D2497}"
EndProject
Project("{8BC9CEB8-8B4A-11D0-8D11-00A0C91BC942}") = "HAIKVideoServer", "..\sdk\HAIKVideoServer\HAIKVideoServer.vcxproj", "{1A976047-B316-4027-B08C-66D25899D0A3}"
EndProject
Project("{8BC9CEB8-8B4A-11D0-8D11-00A0C91BC942}") = "HanBangVideoServer", "..\sdk\HanBangVideoServer\HanBangVideoServer.vcxproj", "{F54C81A8-6361-4941-BDF4-87660F80C56A}"
EndProject
Project("{8BC9CEB8-8B4A-11D0-8D11-00A0C91BC942}") = "HangJingVideoServer", "..\sdk\HangJingVideoServer\HangJingVideoServer.vcxproj", "{C579F2C1-B5E2-4B2F-9DC1-40B9E2AE5A61}"
EndProject
Project("{8BC9CEB8-8B4A-11D0-8D11-00A0C91BC942}") = "JunMingShiVideoServer", "..\sdk\JunMingShiVideoServer\JunMingShiVideoServer.vcxproj", "{67F364FA-FE3C-4225-8A97-979806C7B4FB}"
EndProject
Project("{8BC9CEB8-8B4A-11D0-8D11-00A0C91BC942}") = "TDWYVideoServer", "..\sdk\TianDiWeiYe\TDWYVideoServer.vcxproj", "{C677713E-820B-4D04-A2FB-FA692F32F9DC}"
EndProject
Project("{8BC9CEB8-8B4A-11D0-8D11-00A0C91BC942}") = "WSDVideoServer", "..\sdk\WoShiDaVideoServer\WSDVideoServer.vcxproj", "{29FEBC39-6A2F-4A92-9EFB-165CBEF11904}"
EndProject
Project("{8BC9CEB8-8B4A-11D0-8D11-00A0C91BC942}") = "XingWangVideoServer", "..\sdk\XingWangVideoServer\XingWangVideoServer.vcxproj", "{78BCFE5D-142A-4C24-917B-556CF746C647}"
EndProject
Project("{8BC9CEB8-8B4A-11D0-8D11-00A0C91BC942}") = "ZhongWeiVideoServer", "..\sdk\ZhongWeiVideoServer\ZhongWeiVideoServer.vcxproj", "{178D3ABB-C748-4383-8408-D1EC10187F1F}"
EndProject
Project("{8BC9CEB8-8B4A-11D0-8D11-00A0C91BC942}") = "download", "..\download\download.vcxproj", "{7A80F37F-DEDD-3499-9721-EDD9F38EC9CF}"
EndProject
Project("{8BC9CEB8-8B4A-11D0-8D11-00A0C91BC942}") = "JXJVideoServer", "..\sdk\JXJVideoServer\JXJVideoServer.vcxproj", "{B1667A30-28DB-4A81-8152-0355DAC12057}"
EndProject
Project("{8BC9CEB8-8B4A-11D0-8D11-00A0C91BC942}") = "BoliVideoServer", "..\sdk\BoLiVideoServer\BoliVideoServer.vcxproj", "{3D8D3CEC-53FF-4E20-B7C2-B74954CD0384}"
EndProject
Project("{8BC9CEB8-8B4A-11D0-8D11-00A0C91BC942}") = "FastVideov1", "FastVideov1\FastVideov1.vcxproj", "{64CBF71E-5369-424A-974C-5976F8135B32}"
EndProject
Project("{8BC9CEB8-8B4A-11D0-8D11-00A0C91BC942}") = "YyShiKejiVideoServer", "..\sdk\YyShiKejiVideoServer\YyShiKejiVideoServer.vcxproj", "{949B61F0-DE10-45EC-A2C4-D5861A113C14}"
EndProject
Project("{8BC9CEB8-8B4A-11D0-8D11-00A0C91BC942}") = "TongWeiVideoServer", "..\sdk\TongWeiVideoServer\TongWei.vcxproj", "{58C8660E-AF04-482B-B028-F31B0593B5C7}"
EndProject
Project("{8BC9CEB8-8B4A-11D0-8D11-00A0C91BC942}") = "Start", "..\Start\Start.vcxproj", "{8A653520-6C73-3892-8F5C-A26D57A5BE93}"
EndProject
Project("{8BC9CEB8-8B4A-11D0-8D11-00A0C91BC942}") = "videoReg", "..\videoReg\videoReg.vcxproj", "{F1DFB1B6-C17B-34C0-B17F-3E50D35A3975}"
EndProject
Project("{8BC9CEB8-8B4A-11D0-8D11-00A0C91BC942}") = "BaoXinShengVideoServer", "..\sdk\BaoXinShengVideoServer\BaoXinShengVideoServer.vcxproj", "{02086719-A686-4AB9-B2CE-5E19F843217B}"
EndProject
Global
	GlobalSection(SolutionConfigurationPlatforms) = preSolution
		Debug|Any CPU = Debug|Any CPU
		Debug|Mixed Platforms = Debug|Mixed Platforms
		Debug|Win32 = Debug|Win32
		Release|Any CPU = Release|Any CPU
		Release|Mixed Platforms = Release|Mixed Platforms
		Release|Win32 = Release|Win32
		ReleaseSSD|Any CPU = ReleaseSSD|Any CPU
		ReleaseSSD|Mixed Platforms = ReleaseSSD|Mixed Platforms
		ReleaseSSD|Win32 = ReleaseSSD|Win32
		Template|Any CPU = Template|Any CPU
		Template|Mixed Platforms = Template|Mixed Platforms
		Template|Win32 = Template|Win32
	EndGlobalSection
	GlobalSection(ProjectConfigurationPlatforms) = postSolution
		{B12702AD-ABFB-343A-A199-8E24837244A3}.Debug|Any CPU.ActiveCfg = Debug|Win32
		{B12702AD-ABFB-343A-A199-8E24837244A3}.Debug|Any CPU.Build.0 = Debug|Win32
		{B12702AD-ABFB-343A-A199-8E24837244A3}.Debug|Mixed Platforms.ActiveCfg = Debug|Win32
		{B12702AD-ABFB-343A-A199-8E24837244A3}.Debug|Win32.ActiveCfg = Debug|Win32
		{B12702AD-ABFB-343A-A199-8E24837244A3}.Release|Any CPU.ActiveCfg = Release|Win32
		{B12702AD-ABFB-343A-A199-8E24837244A3}.Release|Any CPU.Build.0 = Release|Win32
		{B12702AD-ABFB-343A-A199-8E24837244A3}.Release|Mixed Platforms.ActiveCfg = Release|Win32
		{B12702AD-ABFB-343A-A199-8E24837244A3}.Release|Mixed Platforms.Build.0 = Release|Win32
		{B12702AD-ABFB-343A-A199-8E24837244A3}.Release|Win32.ActiveCfg = Release|Win32
		{B12702AD-ABFB-343A-A199-8E24837244A3}.ReleaseSSD|Any CPU.ActiveCfg = Release|Win32
		{B12702AD-ABFB-343A-A199-8E24837244A3}.ReleaseSSD|Mixed Platforms.ActiveCfg = Release|Win32
		{B12702AD-ABFB-343A-A199-8E24837244A3}.ReleaseSSD|Mixed Platforms.Build.0 = Release|Win32
		{B12702AD-ABFB-343A-A199-8E24837244A3}.ReleaseSSD|Win32.ActiveCfg = Release|Win32
		{B12702AD-ABFB-343A-A199-8E24837244A3}.ReleaseSSD|Win32.Build.0 = Release|Win32
		{B12702AD-ABFB-343A-A199-8E24837244A3}.Template|Any CPU.ActiveCfg = Release|Win32
		{B12702AD-ABFB-343A-A199-8E24837244A3}.Template|Mixed Platforms.ActiveCfg = Release|Win32
		{B12702AD-ABFB-343A-A199-8E24837244A3}.Template|Win32.ActiveCfg = Release|Win32
		{5A18260A-A256-3F8F-A1B2-8EF6DEAB1DF9}.Debug|Any CPU.ActiveCfg = Debug|Win32
		{5A18260A-A256-3F8F-A1B2-8EF6DEAB1DF9}.Debug|Any CPU.Build.0 = Debug|Win32
		{5A18260A-A256-3F8F-A1B2-8EF6DEAB1DF9}.Debug|Mixed Platforms.ActiveCfg = Debug|Win32
		{5A18260A-A256-3F8F-A1B2-8EF6DEAB1DF9}.Debug|Win32.ActiveCfg = Debug|Win32
		{5A18260A-A256-3F8F-A1B2-8EF6DEAB1DF9}.Release|Any CPU.ActiveCfg = Release|Win32
		{5A18260A-A256-3F8F-A1B2-8EF6DEAB1DF9}.Release|Any CPU.Build.0 = Release|Win32
		{5A18260A-A256-3F8F-A1B2-8EF6DEAB1DF9}.Release|Mixed Platforms.ActiveCfg = Release|Win32
		{5A18260A-A256-3F8F-A1B2-8EF6DEAB1DF9}.Release|Mixed Platforms.Build.0 = Release|Win32
		{5A18260A-A256-3F8F-A1B2-8EF6DEAB1DF9}.Release|Win32.ActiveCfg = Release|Win32
		{5A18260A-A256-3F8F-A1B2-8EF6DEAB1DF9}.ReleaseSSD|Any CPU.ActiveCfg = Release|Win32
		{5A18260A-A256-3F8F-A1B2-8EF6DEAB1DF9}.ReleaseSSD|Mixed Platforms.ActiveCfg = Release|Win32
		{5A18260A-A256-3F8F-A1B2-8EF6DEAB1DF9}.ReleaseSSD|Mixed Platforms.Build.0 = Release|Win32
		{5A18260A-A256-3F8F-A1B2-8EF6DEAB1DF9}.ReleaseSSD|Win32.ActiveCfg = Release|Win32
		{5A18260A-A256-3F8F-A1B2-8EF6DEAB1DF9}.ReleaseSSD|Win32.Build.0 = Release|Win32
		{5A18260A-A256-3F8F-A1B2-8EF6DEAB1DF9}.Template|Any CPU.ActiveCfg = Release|Win32
		{5A18260A-A256-3F8F-A1B2-8EF6DEAB1DF9}.Template|Mixed Platforms.ActiveCfg = Release|Win32
		{5A18260A-A256-3F8F-A1B2-8EF6DEAB1DF9}.Template|Win32.ActiveCfg = Release|Win32
		{04AD7A37-4830-4F72-877E-AEF0C6B6F454}.Debug|Any CPU.ActiveCfg = Debug|Win32
		{04AD7A37-4830-4F72-877E-AEF0C6B6F454}.Debug|Any CPU.Build.0 = Debug|Win32
		{04AD7A37-4830-4F72-877E-AEF0C6B6F454}.Debug|Mixed Platforms.ActiveCfg = Debug|Win32
		{04AD7A37-4830-4F72-877E-AEF0C6B6F454}.Debug|Win32.ActiveCfg = Debug|Win32
		{04AD7A37-4830-4F72-877E-AEF0C6B6F454}.Release|Any CPU.ActiveCfg = Release|Win32
		{04AD7A37-4830-4F72-877E-AEF0C6B6F454}.Release|Any CPU.Build.0 = Release|Win32
		{04AD7A37-4830-4F72-877E-AEF0C6B6F454}.Release|Mixed Platforms.ActiveCfg = Release|Win32
		{04AD7A37-4830-4F72-877E-AEF0C6B6F454}.Release|Mixed Platforms.Build.0 = Release|Win32
		{04AD7A37-4830-4F72-877E-AEF0C6B6F454}.Release|Win32.ActiveCfg = Release|Win32
		{04AD7A37-4830-4F72-877E-AEF0C6B6F454}.ReleaseSSD|Any CPU.ActiveCfg = Release|Win32
		{04AD7A37-4830-4F72-877E-AEF0C6B6F454}.ReleaseSSD|Mixed Platforms.ActiveCfg = Release|Win32
		{04AD7A37-4830-4F72-877E-AEF0C6B6F454}.ReleaseSSD|Mixed Platforms.Build.0 = Release|Win32
		{04AD7A37-4830-4F72-877E-AEF0C6B6F454}.ReleaseSSD|Win32.ActiveCfg = Release|Win32
		{04AD7A37-4830-4F72-877E-AEF0C6B6F454}.ReleaseSSD|Win32.Build.0 = Release|Win32
		{04AD7A37-4830-4F72-877E-AEF0C6B6F454}.Template|Any CPU.ActiveCfg = Release|Win32
		{04AD7A37-4830-4F72-877E-AEF0C6B6F454}.Template|Mixed Platforms.ActiveCfg = Release|Win32
		{04AD7A37-4830-4F72-877E-AEF0C6B6F454}.Template|Win32.ActiveCfg = Release|Win32
		{812F7CBA-55EC-3A2A-9CFA-93646E05F17F}.Debug|Any CPU.ActiveCfg = Debug|Win32
		{812F7CBA-55EC-3A2A-9CFA-93646E05F17F}.Debug|Any CPU.Build.0 = Debug|Win32
		{812F7CBA-55EC-3A2A-9CFA-93646E05F17F}.Debug|Mixed Platforms.ActiveCfg = Debug|Win32
		{812F7CBA-55EC-3A2A-9CFA-93646E05F17F}.Debug|Win32.ActiveCfg = Debug|Win32
		{812F7CBA-55EC-3A2A-9CFA-93646E05F17F}.Release|Any CPU.ActiveCfg = Release|Win32
		{812F7CBA-55EC-3A2A-9CFA-93646E05F17F}.Release|Any CPU.Build.0 = Release|Win32
		{812F7CBA-55EC-3A2A-9CFA-93646E05F17F}.Release|Mixed Platforms.ActiveCfg = Release|Win32
		{812F7CBA-55EC-3A2A-9CFA-93646E05F17F}.Release|Mixed Platforms.Build.0 = Release|Win32
		{812F7CBA-55EC-3A2A-9CFA-93646E05F17F}.Release|Win32.ActiveCfg = Release|Win32
		{812F7CBA-55EC-3A2A-9CFA-93646E05F17F}.ReleaseSSD|Any CPU.ActiveCfg = Release|Win32
		{812F7CBA-55EC-3A2A-9CFA-93646E05F17F}.ReleaseSSD|Mixed Platforms.ActiveCfg = Release|Win32
		{812F7CBA-55EC-3A2A-9CFA-93646E05F17F}.ReleaseSSD|Mixed Platforms.Build.0 = Release|Win32
		{812F7CBA-55EC-3A2A-9CFA-93646E05F17F}.ReleaseSSD|Win32.ActiveCfg = Release|Win32
		{812F7CBA-55EC-3A2A-9CFA-93646E05F17F}.ReleaseSSD|Win32.Build.0 = Release|Win32
		{812F7CBA-55EC-3A2A-9CFA-93646E05F17F}.Template|Any CPU.ActiveCfg = Release|Win32
		{812F7CBA-55EC-3A2A-9CFA-93646E05F17F}.Template|Mixed Platforms.ActiveCfg = Release|Win32
		{812F7CBA-55EC-3A2A-9CFA-93646E05F17F}.Template|Win32.ActiveCfg = Release|Win32
		{BD694506-BCBB-4B6B-8B52-97DC874406C8}.Debug|Any CPU.ActiveCfg = Debug|Win32
		{BD694506-BCBB-4B6B-8B52-97DC874406C8}.Debug|Any CPU.Build.0 = Debug|Win32
		{BD694506-BCBB-4B6B-8B52-97DC874406C8}.Debug|Mixed Platforms.ActiveCfg = Debug|Win32
		{BD694506-BCBB-4B6B-8B52-97DC874406C8}.Debug|Win32.ActiveCfg = Debug|Win32
		{BD694506-BCBB-4B6B-8B52-97DC874406C8}.Release|Any CPU.ActiveCfg = Release|Win32
		{BD694506-BCBB-4B6B-8B52-97DC874406C8}.Release|Any CPU.Build.0 = Release|Win32
		{BD694506-BCBB-4B6B-8B52-97DC874406C8}.Release|Mixed Platforms.ActiveCfg = Release|Win32
		{BD694506-BCBB-4B6B-8B52-97DC874406C8}.Release|Mixed Platforms.Build.0 = Release|Win32
		{BD694506-BCBB-4B6B-8B52-97DC874406C8}.Release|Win32.ActiveCfg = Release|Win32
		{BD694506-BCBB-4B6B-8B52-97DC874406C8}.ReleaseSSD|Any CPU.ActiveCfg = Release|Win32
		{BD694506-BCBB-4B6B-8B52-97DC874406C8}.ReleaseSSD|Mixed Platforms.ActiveCfg = Release|Win32
		{BD694506-BCBB-4B6B-8B52-97DC874406C8}.ReleaseSSD|Mixed Platforms.Build.0 = Release|Win32
		{BD694506-BCBB-4B6B-8B52-97DC874406C8}.ReleaseSSD|Win32.ActiveCfg = Release|Win32
		{BD694506-BCBB-4B6B-8B52-97DC874406C8}.ReleaseSSD|Win32.Build.0 = Release|Win32
		{BD694506-BCBB-4B6B-8B52-97DC874406C8}.Template|Any CPU.ActiveCfg = Release|Win32
		{BD694506-BCBB-4B6B-8B52-97DC874406C8}.Template|Mixed Platforms.ActiveCfg = Release|Win32
		{BD694506-BCBB-4B6B-8B52-97DC874406C8}.Template|Win32.ActiveCfg = Release|Win32
		{4E096400-DAF1-4B38-8318-3BFEAE0502AD}.Debug|Any CPU.ActiveCfg = Debug|Win32
		{4E096400-DAF1-4B38-8318-3BFEAE0502AD}.Debug|Any CPU.Build.0 = Debug|Win32
		{4E096400-DAF1-4B38-8318-3BFEAE0502AD}.Debug|Mixed Platforms.ActiveCfg = Debug|Win32
		{4E096400-DAF1-4B38-8318-3BFEAE0502AD}.Debug|Win32.ActiveCfg = Debug|Win32
		{4E096400-DAF1-4B38-8318-3BFEAE0502AD}.Release|Any CPU.ActiveCfg = Release|Win32
		{4E096400-DAF1-4B38-8318-3BFEAE0502AD}.Release|Any CPU.Build.0 = Release|Win32
		{4E096400-DAF1-4B38-8318-3BFEAE0502AD}.Release|Mixed Platforms.ActiveCfg = Release|Win32
		{4E096400-DAF1-4B38-8318-3BFEAE0502AD}.Release|Mixed Platforms.Build.0 = Release|Win32
		{4E096400-DAF1-4B38-8318-3BFEAE0502AD}.Release|Win32.ActiveCfg = Release|Win32
		{4E096400-DAF1-4B38-8318-3BFEAE0502AD}.ReleaseSSD|Any CPU.ActiveCfg = Release|Win32
		{4E096400-DAF1-4B38-8318-3BFEAE0502AD}.ReleaseSSD|Mixed Platforms.ActiveCfg = Release|Win32
		{4E096400-DAF1-4B38-8318-3BFEAE0502AD}.ReleaseSSD|Mixed Platforms.Build.0 = Release|Win32
		{4E096400-DAF1-4B38-8318-3BFEAE0502AD}.ReleaseSSD|Win32.ActiveCfg = Release|Win32
		{4E096400-DAF1-4B38-8318-3BFEAE0502AD}.ReleaseSSD|Win32.Build.0 = Release|Win32
		{4E096400-DAF1-4B38-8318-3BFEAE0502AD}.Template|Any CPU.ActiveCfg = Release|Win32
		{4E096400-DAF1-4B38-8318-3BFEAE0502AD}.Template|Mixed Platforms.ActiveCfg = Release|Win32
		{4E096400-DAF1-4B38-8318-3BFEAE0502AD}.Template|Win32.ActiveCfg = Release|Win32
		{D6F627F5-55FD-4998-AACA-3991EC2F7F69}.Debug|Any CPU.ActiveCfg = Debug|Win32
		{D6F627F5-55FD-4998-AACA-3991EC2F7F69}.Debug|Any CPU.Build.0 = Debug|Win32
		{D6F627F5-55FD-4998-AACA-3991EC2F7F69}.Debug|Mixed Platforms.ActiveCfg = Debug|Win32
		{D6F627F5-55FD-4998-AACA-3991EC2F7F69}.Debug|Win32.ActiveCfg = Debug|Win32
		{D6F627F5-55FD-4998-AACA-3991EC2F7F69}.Release|Any CPU.ActiveCfg = Release|Win32
		{D6F627F5-55FD-4998-AACA-3991EC2F7F69}.Release|Any CPU.Build.0 = Release|Win32
		{D6F627F5-55FD-4998-AACA-3991EC2F7F69}.Release|Mixed Platforms.ActiveCfg = Release|Win32
		{D6F627F5-55FD-4998-AACA-3991EC2F7F69}.Release|Mixed Platforms.Build.0 = Release|Win32
		{D6F627F5-55FD-4998-AACA-3991EC2F7F69}.Release|Win32.ActiveCfg = Release|Win32
		{D6F627F5-55FD-4998-AACA-3991EC2F7F69}.ReleaseSSD|Any CPU.ActiveCfg = Release|Win32
		{D6F627F5-55FD-4998-AACA-3991EC2F7F69}.ReleaseSSD|Mixed Platforms.ActiveCfg = Release|Win32
		{D6F627F5-55FD-4998-AACA-3991EC2F7F69}.ReleaseSSD|Mixed Platforms.Build.0 = Release|Win32
		{D6F627F5-55FD-4998-AACA-3991EC2F7F69}.ReleaseSSD|Win32.ActiveCfg = Release|Win32
		{D6F627F5-55FD-4998-AACA-3991EC2F7F69}.ReleaseSSD|Win32.Build.0 = Release|Win32
		{D6F627F5-55FD-4998-AACA-3991EC2F7F69}.Template|Any CPU.ActiveCfg = Release|Win32
		{D6F627F5-55FD-4998-AACA-3991EC2F7F69}.Template|Mixed Platforms.ActiveCfg = Release|Win32
		{D6F627F5-55FD-4998-AACA-3991EC2F7F69}.Template|Win32.ActiveCfg = Release|Win32
		{30B46466-FE85-4D87-BC2D-4738656D2497}.Debug|Any CPU.ActiveCfg = Debug|Win32
		{30B46466-FE85-4D87-BC2D-4738656D2497}.Debug|Any CPU.Build.0 = Debug|Win32
		{30B46466-FE85-4D87-BC2D-4738656D2497}.Debug|Mixed Platforms.ActiveCfg = Debug|Win32
		{30B46466-FE85-4D87-BC2D-4738656D2497}.Debug|Win32.ActiveCfg = Debug|Win32
		{30B46466-FE85-4D87-BC2D-4738656D2497}.Release|Any CPU.ActiveCfg = Release|Win32
		{30B46466-FE85-4D87-BC2D-4738656D2497}.Release|Any CPU.Build.0 = Release|Win32
		{30B46466-FE85-4D87-BC2D-4738656D2497}.Release|Mixed Platforms.ActiveCfg = Release|Win32
		{30B46466-FE85-4D87-BC2D-4738656D2497}.Release|Mixed Platforms.Build.0 = Release|Win32
		{30B46466-FE85-4D87-BC2D-4738656D2497}.Release|Win32.ActiveCfg = Release|Win32
		{30B46466-FE85-4D87-BC2D-4738656D2497}.ReleaseSSD|Any CPU.ActiveCfg = Release|Win32
		{30B46466-FE85-4D87-BC2D-4738656D2497}.ReleaseSSD|Mixed Platforms.ActiveCfg = Release|Win32
		{30B46466-FE85-4D87-BC2D-4738656D2497}.ReleaseSSD|Mixed Platforms.Build.0 = Release|Win32
		{30B46466-FE85-4D87-BC2D-4738656D2497}.ReleaseSSD|Win32.ActiveCfg = Release|Win32
		{30B46466-FE85-4D87-BC2D-4738656D2497}.ReleaseSSD|Win32.Build.0 = Release|Win32
		{30B46466-FE85-4D87-BC2D-4738656D2497}.Template|Any CPU.ActiveCfg = Release|Win32
		{30B46466-FE85-4D87-BC2D-4738656D2497}.Template|Mixed Platforms.ActiveCfg = Release|Win32
		{30B46466-FE85-4D87-BC2D-4738656D2497}.Template|Win32.ActiveCfg = Release|Win32
		{1A976047-B316-4027-B08C-66D25899D0A3}.Debug|Any CPU.ActiveCfg = Debug|Win32
		{1A976047-B316-4027-B08C-66D25899D0A3}.Debug|Any CPU.Build.0 = Debug|Win32
		{1A976047-B316-4027-B08C-66D25899D0A3}.Debug|Mixed Platforms.ActiveCfg = Debug|Win32
		{1A976047-B316-4027-B08C-66D25899D0A3}.Debug|Win32.ActiveCfg = Debug|Win32
		{1A976047-B316-4027-B08C-66D25899D0A3}.Release|Any CPU.ActiveCfg = Release|Win32
		{1A976047-B316-4027-B08C-66D25899D0A3}.Release|Any CPU.Build.0 = Release|Win32
		{1A976047-B316-4027-B08C-66D25899D0A3}.Release|Mixed Platforms.ActiveCfg = Release|Win32
		{1A976047-B316-4027-B08C-66D25899D0A3}.Release|Mixed Platforms.Build.0 = Release|Win32
		{1A976047-B316-4027-B08C-66D25899D0A3}.Release|Win32.ActiveCfg = Release|Win32
		{1A976047-B316-4027-B08C-66D25899D0A3}.ReleaseSSD|Any CPU.ActiveCfg = Release|Win32
		{1A976047-B316-4027-B08C-66D25899D0A3}.ReleaseSSD|Mixed Platforms.ActiveCfg = Release|Win32
		{1A976047-B316-4027-B08C-66D25899D0A3}.ReleaseSSD|Mixed Platforms.Build.0 = Release|Win32
		{1A976047-B316-4027-B08C-66D25899D0A3}.ReleaseSSD|Win32.ActiveCfg = Release|Win32
		{1A976047-B316-4027-B08C-66D25899D0A3}.ReleaseSSD|Win32.Build.0 = Release|Win32
		{1A976047-B316-4027-B08C-66D25899D0A3}.Template|Any CPU.ActiveCfg = Release|Win32
		{1A976047-B316-4027-B08C-66D25899D0A3}.Template|Mixed Platforms.ActiveCfg = Release|Win32
		{1A976047-B316-4027-B08C-66D25899D0A3}.Template|Win32.ActiveCfg = Release|Win32
		{F54C81A8-6361-4941-BDF4-87660F80C56A}.Debug|Any CPU.ActiveCfg = Debug|Win32
		{F54C81A8-6361-4941-BDF4-87660F80C56A}.Debug|Any CPU.Build.0 = Debug|Win32
		{F54C81A8-6361-4941-BDF4-87660F80C56A}.Debug|Mixed Platforms.ActiveCfg = Debug|Win32
		{F54C81A8-6361-4941-BDF4-87660F80C56A}.Debug|Win32.ActiveCfg = Debug|Win32
		{F54C81A8-6361-4941-BDF4-87660F80C56A}.Release|Any CPU.ActiveCfg = Release|Win32
		{F54C81A8-6361-4941-BDF4-87660F80C56A}.Release|Any CPU.Build.0 = Release|Win32
		{F54C81A8-6361-4941-BDF4-87660F80C56A}.Release|Mixed Platforms.ActiveCfg = Release|Win32
		{F54C81A8-6361-4941-BDF4-87660F80C56A}.Release|Mixed Platforms.Build.0 = Release|Win32
		{F54C81A8-6361-4941-BDF4-87660F80C56A}.Release|Win32.ActiveCfg = Release|Win32
		{F54C81A8-6361-4941-BDF4-87660F80C56A}.ReleaseSSD|Any CPU.ActiveCfg = Release|Win32
		{F54C81A8-6361-4941-BDF4-87660F80C56A}.ReleaseSSD|Mixed Platforms.ActiveCfg = Release|Win32
		{F54C81A8-6361-4941-BDF4-87660F80C56A}.ReleaseSSD|Mixed Platforms.Build.0 = Release|Win32
		{F54C81A8-6361-4941-BDF4-87660F80C56A}.ReleaseSSD|Win32.ActiveCfg = Release|Win32
		{F54C81A8-6361-4941-BDF4-87660F80C56A}.ReleaseSSD|Win32.Build.0 = Release|Win32
		{F54C81A8-6361-4941-BDF4-87660F80C56A}.Template|Any CPU.ActiveCfg = Release|Win32
		{F54C81A8-6361-4941-BDF4-87660F80C56A}.Template|Mixed Platforms.ActiveCfg = Release|Win32
		{F54C81A8-6361-4941-BDF4-87660F80C56A}.Template|Win32.ActiveCfg = Release|Win32
		{C579F2C1-B5E2-4B2F-9DC1-40B9E2AE5A61}.Debug|Any CPU.ActiveCfg = Debug|Win32
		{C579F2C1-B5E2-4B2F-9DC1-40B9E2AE5A61}.Debug|Any CPU.Build.0 = Debug|Win32
		{C579F2C1-B5E2-4B2F-9DC1-40B9E2AE5A61}.Debug|Mixed Platforms.ActiveCfg = Debug|Win32
		{C579F2C1-B5E2-4B2F-9DC1-40B9E2AE5A61}.Debug|Win32.ActiveCfg = Debug|Win32
		{C579F2C1-B5E2-4B2F-9DC1-40B9E2AE5A61}.Release|Any CPU.ActiveCfg = Release|Win32
		{C579F2C1-B5E2-4B2F-9DC1-40B9E2AE5A61}.Release|Any CPU.Build.0 = Release|Win32
		{C579F2C1-B5E2-4B2F-9DC1-40B9E2AE5A61}.Release|Mixed Platforms.ActiveCfg = Release|Win32
		{C579F2C1-B5E2-4B2F-9DC1-40B9E2AE5A61}.Release|Mixed Platforms.Build.0 = Release|Win32
		{C579F2C1-B5E2-4B2F-9DC1-40B9E2AE5A61}.Release|Win32.ActiveCfg = Release|Win32
		{C579F2C1-B5E2-4B2F-9DC1-40B9E2AE5A61}.ReleaseSSD|Any CPU.ActiveCfg = Release|Win32
		{C579F2C1-B5E2-4B2F-9DC1-40B9E2AE5A61}.ReleaseSSD|Mixed Platforms.ActiveCfg = Release|Win32
		{C579F2C1-B5E2-4B2F-9DC1-40B9E2AE5A61}.ReleaseSSD|Mixed Platforms.Build.0 = Release|Win32
		{C579F2C1-B5E2-4B2F-9DC1-40B9E2AE5A61}.ReleaseSSD|Win32.ActiveCfg = Release|Win32
		{C579F2C1-B5E2-4B2F-9DC1-40B9E2AE5A61}.ReleaseSSD|Win32.Build.0 = Release|Win32
		{C579F2C1-B5E2-4B2F-9DC1-40B9E2AE5A61}.Template|Any CPU.ActiveCfg = Release|Win32
		{C579F2C1-B5E2-4B2F-9DC1-40B9E2AE5A61}.Template|Mixed Platforms.ActiveCfg = Release|Win32
		{C579F2C1-B5E2-4B2F-9DC1-40B9E2AE5A61}.Template|Win32.ActiveCfg = Release|Win32
		{67F364FA-FE3C-4225-8A97-979806C7B4FB}.Debug|Any CPU.ActiveCfg = Debug|Win32
		{67F364FA-FE3C-4225-8A97-979806C7B4FB}.Debug|Any CPU.Build.0 = Debug|Win32
		{67F364FA-FE3C-4225-8A97-979806C7B4FB}.Debug|Mixed Platforms.ActiveCfg = Debug|Win32
		{67F364FA-FE3C-4225-8A97-979806C7B4FB}.Debug|Win32.ActiveCfg = Debug|Win32
		{67F364FA-FE3C-4225-8A97-979806C7B4FB}.Release|Any CPU.ActiveCfg = Release|Win32
		{67F364FA-FE3C-4225-8A97-979806C7B4FB}.Release|Any CPU.Build.0 = Release|Win32
		{67F364FA-FE3C-4225-8A97-979806C7B4FB}.Release|Mixed Platforms.ActiveCfg = Release|Win32
		{67F364FA-FE3C-4225-8A97-979806C7B4FB}.Release|Mixed Platforms.Build.0 = Release|Win32
		{67F364FA-FE3C-4225-8A97-979806C7B4FB}.Release|Win32.ActiveCfg = Release|Win32
		{67F364FA-FE3C-4225-8A97-979806C7B4FB}.ReleaseSSD|Any CPU.ActiveCfg = Release|Win32
		{67F364FA-FE3C-4225-8A97-979806C7B4FB}.ReleaseSSD|Mixed Platforms.ActiveCfg = Release|Win32
		{67F364FA-FE3C-4225-8A97-979806C7B4FB}.ReleaseSSD|Mixed Platforms.Build.0 = Release|Win32
		{67F364FA-FE3C-4225-8A97-979806C7B4FB}.ReleaseSSD|Win32.ActiveCfg = Release|Win32
		{67F364FA-FE3C-4225-8A97-979806C7B4FB}.ReleaseSSD|Win32.Build.0 = Release|Win32
		{67F364FA-FE3C-4225-8A97-979806C7B4FB}.Template|Any CPU.ActiveCfg = Release|Win32
		{67F364FA-FE3C-4225-8A97-979806C7B4FB}.Template|Mixed Platforms.ActiveCfg = Release|Win32
		{67F364FA-FE3C-4225-8A97-979806C7B4FB}.Template|Win32.ActiveCfg = Release|Win32
		{C677713E-820B-4D04-A2FB-FA692F32F9DC}.Debug|Any CPU.ActiveCfg = Debug|Win32
		{C677713E-820B-4D04-A2FB-FA692F32F9DC}.Debug|Any CPU.Build.0 = Debug|Win32
		{C677713E-820B-4D04-A2FB-FA692F32F9DC}.Debug|Mixed Platforms.ActiveCfg = Debug|Win32
		{C677713E-820B-4D04-A2FB-FA692F32F9DC}.Debug|Win32.ActiveCfg = Debug|Win32
		{C677713E-820B-4D04-A2FB-FA692F32F9DC}.Release|Any CPU.ActiveCfg = Release|Win32
		{C677713E-820B-4D04-A2FB-FA692F32F9DC}.Release|Any CPU.Build.0 = Release|Win32
		{C677713E-820B-4D04-A2FB-FA692F32F9DC}.Release|Mixed Platforms.ActiveCfg = Release|Win32
		{C677713E-820B-4D04-A2FB-FA692F32F9DC}.Release|Mixed Platforms.Build.0 = Release|Win32
		{C677713E-820B-4D04-A2FB-FA692F32F9DC}.Release|Win32.ActiveCfg = Release|Win32
		{C677713E-820B-4D04-A2FB-FA692F32F9DC}.ReleaseSSD|Any CPU.ActiveCfg = Release|Win32
		{C677713E-820B-4D04-A2FB-FA692F32F9DC}.ReleaseSSD|Mixed Platforms.ActiveCfg = Release|Win32
		{C677713E-820B-4D04-A2FB-FA692F32F9DC}.ReleaseSSD|Mixed Platforms.Build.0 = Release|Win32
		{C677713E-820B-4D04-A2FB-FA692F32F9DC}.ReleaseSSD|Win32.ActiveCfg = Release|Win32
		{C677713E-820B-4D04-A2FB-FA692F32F9DC}.ReleaseSSD|Win32.Build.0 = Release|Win32
		{C677713E-820B-4D04-A2FB-FA692F32F9DC}.Template|Any CPU.ActiveCfg = Release|Win32
		{C677713E-820B-4D04-A2FB-FA692F32F9DC}.Template|Mixed Platforms.ActiveCfg = Release|Win32
		{C677713E-820B-4D04-A2FB-FA692F32F9DC}.Template|Win32.ActiveCfg = Release|Win32
		{29FEBC39-6A2F-4A92-9EFB-165CBEF11904}.Debug|Any CPU.ActiveCfg = Debug|Win32
		{29FEBC39-6A2F-4A92-9EFB-165CBEF11904}.Debug|Any CPU.Build.0 = Debug|Win32
		{29FEBC39-6A2F-4A92-9EFB-165CBEF11904}.Debug|Mixed Platforms.ActiveCfg = Debug|Win32
		{29FEBC39-6A2F-4A92-9EFB-165CBEF11904}.Debug|Win32.ActiveCfg = Debug|Win32
		{29FEBC39-6A2F-4A92-9EFB-165CBEF11904}.Release|Any CPU.ActiveCfg = Release|Win32
		{29FEBC39-6A2F-4A92-9EFB-165CBEF11904}.Release|Any CPU.Build.0 = Release|Win32
		{29FEBC39-6A2F-4A92-9EFB-165CBEF11904}.Release|Mixed Platforms.ActiveCfg = Release|Win32
		{29FEBC39-6A2F-4A92-9EFB-165CBEF11904}.Release|Mixed Platforms.Build.0 = Release|Win32
		{29FEBC39-6A2F-4A92-9EFB-165CBEF11904}.Release|Win32.ActiveCfg = Release|Win32
		{29FEBC39-6A2F-4A92-9EFB-165CBEF11904}.ReleaseSSD|Any CPU.ActiveCfg = Release|Win32
		{29FEBC39-6A2F-4A92-9EFB-165CBEF11904}.ReleaseSSD|Mixed Platforms.ActiveCfg = Release|Win32
		{29FEBC39-6A2F-4A92-9EFB-165CBEF11904}.ReleaseSSD|Mixed Platforms.Build.0 = Release|Win32
		{29FEBC39-6A2F-4A92-9EFB-165CBEF11904}.ReleaseSSD|Win32.ActiveCfg = Release|Win32
		{29FEBC39-6A2F-4A92-9EFB-165CBEF11904}.ReleaseSSD|Win32.Build.0 = Release|Win32
		{29FEBC39-6A2F-4A92-9EFB-165CBEF11904}.Template|Any CPU.ActiveCfg = Release|Win32
		{29FEBC39-6A2F-4A92-9EFB-165CBEF11904}.Template|Mixed Platforms.ActiveCfg = Release|Win32
		{29FEBC39-6A2F-4A92-9EFB-165CBEF11904}.Template|Win32.ActiveCfg = Release|Win32
		{78BCFE5D-142A-4C24-917B-556CF746C647}.Debug|Any CPU.ActiveCfg = Debug|Win32
		{78BCFE5D-142A-4C24-917B-556CF746C647}.Debug|Any CPU.Build.0 = Debug|Win32
		{78BCFE5D-142A-4C24-917B-556CF746C647}.Debug|Mixed Platforms.ActiveCfg = Debug|Win32
		{78BCFE5D-142A-4C24-917B-556CF746C647}.Debug|Win32.ActiveCfg = Debug|Win32
		{78BCFE5D-142A-4C24-917B-556CF746C647}.Release|Any CPU.ActiveCfg = Release|Win32
		{78BCFE5D-142A-4C24-917B-556CF746C647}.Release|Any CPU.Build.0 = Release|Win32
		{78BCFE5D-142A-4C24-917B-556CF746C647}.Release|Mixed Platforms.ActiveCfg = Release|Win32
		{78BCFE5D-142A-4C24-917B-556CF746C647}.Release|Mixed Platforms.Build.0 = Release|Win32
		{78BCFE5D-142A-4C24-917B-556CF746C647}.Release|Win32.ActiveCfg = Release|Win32
		{78BCFE5D-142A-4C24-917B-556CF746C647}.ReleaseSSD|Any CPU.ActiveCfg = Release|Win32
		{78BCFE5D-142A-4C24-917B-556CF746C647}.ReleaseSSD|Mixed Platforms.ActiveCfg = Release|Win32
		{78BCFE5D-142A-4C24-917B-556CF746C647}.ReleaseSSD|Mixed Platforms.Build.0 = Release|Win32
		{78BCFE5D-142A-4C24-917B-556CF746C647}.ReleaseSSD|Win32.ActiveCfg = Release|Win32
		{78BCFE5D-142A-4C24-917B-556CF746C647}.ReleaseSSD|Win32.Build.0 = Release|Win32
		{78BCFE5D-142A-4C24-917B-556CF746C647}.Template|Any CPU.ActiveCfg = Release|Win32
		{78BCFE5D-142A-4C24-917B-556CF746C647}.Template|Mixed Platforms.ActiveCfg = Release|Win32
		{78BCFE5D-142A-4C24-917B-556CF746C647}.Template|Win32.ActiveCfg = Release|Win32
		{178D3ABB-C748-4383-8408-D1EC10187F1F}.Debug|Any CPU.ActiveCfg = Debug|Win32
		{178D3ABB-C748-4383-8408-D1EC10187F1F}.Debug|Any CPU.Build.0 = Debug|Win32
		{178D3ABB-C748-4383-8408-D1EC10187F1F}.Debug|Mixed Platforms.ActiveCfg = Debug|Win32
		{178D3ABB-C748-4383-8408-D1EC10187F1F}.Debug|Win32.ActiveCfg = Debug|Win32
		{178D3ABB-C748-4383-8408-D1EC10187F1F}.Release|Any CPU.ActiveCfg = Release|Win32
		{178D3ABB-C748-4383-8408-D1EC10187F1F}.Release|Any CPU.Build.0 = Release|Win32
		{178D3ABB-C748-4383-8408-D1EC10187F1F}.Release|Mixed Platforms.ActiveCfg = Release|Win32
		{178D3ABB-C748-4383-8408-D1EC10187F1F}.Release|Mixed Platforms.Build.0 = Release|Win32
		{178D3ABB-C748-4383-8408-D1EC10187F1F}.Release|Win32.ActiveCfg = Release|Win32
		{178D3ABB-C748-4383-8408-D1EC10187F1F}.ReleaseSSD|Any CPU.ActiveCfg = Release|Win32
		{178D3ABB-C748-4383-8408-D1EC10187F1F}.ReleaseSSD|Mixed Platforms.ActiveCfg = Release|Win32
		{178D3ABB-C748-4383-8408-D1EC10187F1F}.ReleaseSSD|Mixed Platforms.Build.0 = Release|Win32
		{178D3ABB-C748-4383-8408-D1EC10187F1F}.ReleaseSSD|Win32.ActiveCfg = Release|Win32
		{178D3ABB-C748-4383-8408-D1EC10187F1F}.ReleaseSSD|Win32.Build.0 = Release|Win32
		{178D3ABB-C748-4383-8408-D1EC10187F1F}.Template|Any CPU.ActiveCfg = Release|Win32
		{178D3ABB-C748-4383-8408-D1EC10187F1F}.Template|Mixed Platforms.ActiveCfg = Release|Win32
		{178D3ABB-C748-4383-8408-D1EC10187F1F}.Template|Win32.ActiveCfg = Release|Win32
		{7A80F37F-DEDD-3499-9721-EDD9F38EC9CF}.Debug|Any CPU.ActiveCfg = Debug|Win32
		{7A80F37F-DEDD-3499-9721-EDD9F38EC9CF}.Debug|Any CPU.Build.0 = Debug|Win32
		{7A80F37F-DEDD-3499-9721-EDD9F38EC9CF}.Debug|Mixed Platforms.ActiveCfg = Debug|Win32
		{7A80F37F-DEDD-3499-9721-EDD9F38EC9CF}.Debug|Win32.ActiveCfg = Debug|Win32
		{7A80F37F-DEDD-3499-9721-EDD9F38EC9CF}.Release|Any CPU.ActiveCfg = Release|Win32
		{7A80F37F-DEDD-3499-9721-EDD9F38EC9CF}.Release|Any CPU.Build.0 = Release|Win32
		{7A80F37F-DEDD-3499-9721-EDD9F38EC9CF}.Release|Mixed Platforms.ActiveCfg = Release|Win32
		{7A80F37F-DEDD-3499-9721-EDD9F38EC9CF}.Release|Mixed Platforms.Build.0 = Release|Win32
		{7A80F37F-DEDD-3499-9721-EDD9F38EC9CF}.Release|Win32.ActiveCfg = Release|Win32
		{7A80F37F-DEDD-3499-9721-EDD9F38EC9CF}.ReleaseSSD|Any CPU.ActiveCfg = Release|Win32
		{7A80F37F-DEDD-3499-9721-EDD9F38EC9CF}.ReleaseSSD|Mixed Platforms.ActiveCfg = Release|Win32
		{7A80F37F-DEDD-3499-9721-EDD9F38EC9CF}.ReleaseSSD|Mixed Platforms.Build.0 = Release|Win32
		{7A80F37F-DEDD-3499-9721-EDD9F38EC9CF}.ReleaseSSD|Win32.ActiveCfg = Release|Win32
		{7A80F37F-DEDD-3499-9721-EDD9F38EC9CF}.ReleaseSSD|Win32.Build.0 = Release|Win32
		{7A80F37F-DEDD-3499-9721-EDD9F38EC9CF}.Template|Any CPU.ActiveCfg = Release|Win32
		{7A80F37F-DEDD-3499-9721-EDD9F38EC9CF}.Template|Mixed Platforms.ActiveCfg = Release|Win32
		{7A80F37F-DEDD-3499-9721-EDD9F38EC9CF}.Template|Win32.ActiveCfg = Release|Win32
		{B1667A30-28DB-4A81-8152-0355DAC12057}.Debug|Any CPU.ActiveCfg = Debug|Win32
		{B1667A30-28DB-4A81-8152-0355DAC12057}.Debug|Any CPU.Build.0 = Debug|Win32
		{B1667A30-28DB-4A81-8152-0355DAC12057}.Debug|Mixed Platforms.ActiveCfg = Debug|Win32
		{B1667A30-28DB-4A81-8152-0355DAC12057}.Debug|Win32.ActiveCfg = Debug|Win32
		{B1667A30-28DB-4A81-8152-0355DAC12057}.Release|Any CPU.ActiveCfg = Release|Win32
		{B1667A30-28DB-4A81-8152-0355DAC12057}.Release|Any CPU.Build.0 = Release|Win32
		{B1667A30-28DB-4A81-8152-0355DAC12057}.Release|Mixed Platforms.ActiveCfg = Release|Win32
		{B1667A30-28DB-4A81-8152-0355DAC12057}.Release|Mixed Platforms.Build.0 = Release|Win32
		{B1667A30-28DB-4A81-8152-0355DAC12057}.Release|Win32.ActiveCfg = Release|Win32
		{B1667A30-28DB-4A81-8152-0355DAC12057}.ReleaseSSD|Any CPU.ActiveCfg = Release|Win32
		{B1667A30-28DB-4A81-8152-0355DAC12057}.ReleaseSSD|Mixed Platforms.ActiveCfg = Release|Win32
		{B1667A30-28DB-4A81-8152-0355DAC12057}.ReleaseSSD|Mixed Platforms.Build.0 = Release|Win32
		{B1667A30-28DB-4A81-8152-0355DAC12057}.ReleaseSSD|Win32.ActiveCfg = Release|Win32
		{B1667A30-28DB-4A81-8152-0355DAC12057}.ReleaseSSD|Win32.Build.0 = Release|Win32
		{B1667A30-28DB-4A81-8152-0355DAC12057}.Template|Any CPU.ActiveCfg = Release|Win32
		{B1667A30-28DB-4A81-8152-0355DAC12057}.Template|Mixed Platforms.ActiveCfg = Release|Win32
		{B1667A30-28DB-4A81-8152-0355DAC12057}.Template|Win32.ActiveCfg = Release|Win32
		{3D8D3CEC-53FF-4E20-B7C2-B74954CD0384}.Debug|Any CPU.ActiveCfg = Debug|Win32
		{3D8D3CEC-53FF-4E20-B7C2-B74954CD0384}.Debug|Any CPU.Build.0 = Debug|Win32
		{3D8D3CEC-53FF-4E20-B7C2-B74954CD0384}.Debug|Mixed Platforms.ActiveCfg = Debug|Win32
		{3D8D3CEC-53FF-4E20-B7C2-B74954CD0384}.Debug|Win32.ActiveCfg = Debug|Win32
		{3D8D3CEC-53FF-4E20-B7C2-B74954CD0384}.Release|Any CPU.ActiveCfg = Release|Win32
		{3D8D3CEC-53FF-4E20-B7C2-B74954CD0384}.Release|Any CPU.Build.0 = Release|Win32
		{3D8D3CEC-53FF-4E20-B7C2-B74954CD0384}.Release|Mixed Platforms.ActiveCfg = Release|Win32
		{3D8D3CEC-53FF-4E20-B7C2-B74954CD0384}.Release|Mixed Platforms.Build.0 = Release|Win32
		{3D8D3CEC-53FF-4E20-B7C2-B74954CD0384}.Release|Win32.ActiveCfg = Release|Win32
		{3D8D3CEC-53FF-4E20-B7C2-B74954CD0384}.ReleaseSSD|Any CPU.ActiveCfg = Release|Win32
		{3D8D3CEC-53FF-4E20-B7C2-B74954CD0384}.ReleaseSSD|Mixed Platforms.ActiveCfg = Release|Win32
		{3D8D3CEC-53FF-4E20-B7C2-B74954CD0384}.ReleaseSSD|Mixed Platforms.Build.0 = Release|Win32
		{3D8D3CEC-53FF-4E20-B7C2-B74954CD0384}.ReleaseSSD|Win32.ActiveCfg = Release|Win32
		{3D8D3CEC-53FF-4E20-B7C2-B74954CD0384}.ReleaseSSD|Win32.Build.0 = Release|Win32
		{3D8D3CEC-53FF-4E20-B7C2-B74954CD0384}.Template|Any CPU.ActiveCfg = Release|Win32
		{3D8D3CEC-53FF-4E20-B7C2-B74954CD0384}.Template|Mixed Platforms.ActiveCfg = Release|Win32
		{3D8D3CEC-53FF-4E20-B7C2-B74954CD0384}.Template|Win32.ActiveCfg = Release|Win32
		{64CBF71E-5369-424A-974C-5976F8135B32}.Debug|Any CPU.ActiveCfg = Debug|Win32
		{64CBF71E-5369-424A-974C-5976F8135B32}.Debug|Any CPU.Build.0 = Debug|Win32
		{64CBF71E-5369-424A-974C-5976F8135B32}.Debug|Mixed Platforms.ActiveCfg = Debug|Win32
		{64CBF71E-5369-424A-974C-5976F8135B32}.Debug|Win32.ActiveCfg = Debug|Win32
		{64CBF71E-5369-424A-974C-5976F8135B32}.Release|Any CPU.ActiveCfg = Release|Win32
		{64CBF71E-5369-424A-974C-5976F8135B32}.Release|Any CPU.Build.0 = Release|Win32
		{64CBF71E-5369-424A-974C-5976F8135B32}.Release|Mixed Platforms.ActiveCfg = Release|Win32
		{64CBF71E-5369-424A-974C-5976F8135B32}.Release|Mixed Platforms.Build.0 = Release|Win32
		{64CBF71E-5369-424A-974C-5976F8135B32}.Release|Win32.ActiveCfg = Release|Win32
		{64CBF71E-5369-424A-974C-5976F8135B32}.ReleaseSSD|Any CPU.ActiveCfg = Release|Win32
		{64CBF71E-5369-424A-974C-5976F8135B32}.ReleaseSSD|Mixed Platforms.ActiveCfg = Release|Win32
		{64CBF71E-5369-424A-974C-5976F8135B32}.ReleaseSSD|Mixed Platforms.Build.0 = Release|Win32
		{64CBF71E-5369-424A-974C-5976F8135B32}.ReleaseSSD|Win32.ActiveCfg = Release|Win32
		{64CBF71E-5369-424A-974C-5976F8135B32}.ReleaseSSD|Win32.Build.0 = Release|Win32
		{64CBF71E-5369-424A-974C-5976F8135B32}.Template|Any CPU.ActiveCfg = Release|Win32
		{64CBF71E-5369-424A-974C-5976F8135B32}.Template|Mixed Platforms.ActiveCfg = Release|Win32
		{64CBF71E-5369-424A-974C-5976F8135B32}.Template|Win32.ActiveCfg = Release|Win32
		{949B61F0-DE10-45EC-A2C4-D5861A113C14}.Debug|Any CPU.ActiveCfg = Debug|Win32
		{949B61F0-DE10-45EC-A2C4-D5861A113C14}.Debug|Any CPU.Build.0 = Debug|Win32
		{949B61F0-DE10-45EC-A2C4-D5861A113C14}.Debug|Mixed Platforms.ActiveCfg = Debug|Win32
		{949B61F0-DE10-45EC-A2C4-D5861A113C14}.Debug|Win32.ActiveCfg = Debug|Win32
		{949B61F0-DE10-45EC-A2C4-D5861A113C14}.Release|Any CPU.ActiveCfg = Release|Win32
		{949B61F0-DE10-45EC-A2C4-D5861A113C14}.Release|Any CPU.Build.0 = Release|Win32
		{949B61F0-DE10-45EC-A2C4-D5861A113C14}.Release|Mixed Platforms.ActiveCfg = Release|Win32
		{949B61F0-DE10-45EC-A2C4-D5861A113C14}.Release|Mixed Platforms.Build.0 = Release|Win32
		{949B61F0-DE10-45EC-A2C4-D5861A113C14}.Release|Win32.ActiveCfg = Release|Win32
		{949B61F0-DE10-45EC-A2C4-D5861A113C14}.ReleaseSSD|Any CPU.ActiveCfg = Release|Win32
		{949B61F0-DE10-45EC-A2C4-D5861A113C14}.ReleaseSSD|Mixed Platforms.ActiveCfg = Release|Win32
		{949B61F0-DE10-45EC-A2C4-D5861A113C14}.ReleaseSSD|Mixed Platforms.Build.0 = Release|Win32
		{949B61F0-DE10-45EC-A2C4-D5861A113C14}.ReleaseSSD|Win32.ActiveCfg = Release|Win32
		{949B61F0-DE10-45EC-A2C4-D5861A113C14}.ReleaseSSD|Win32.Build.0 = Release|Win32
		{949B61F0-DE10-45EC-A2C4-D5861A113C14}.Template|Any CPU.ActiveCfg = Release|Win32
		{949B61F0-DE10-45EC-A2C4-D5861A113C14}.Template|Mixed Platforms.ActiveCfg = Release|Win32
		{949B61F0-DE10-45EC-A2C4-D5861A113C14}.Template|Win32.ActiveCfg = Release|Win32
		{58C8660E-AF04-482B-B028-F31B0593B5C7}.Debug|Any CPU.ActiveCfg = Debug|Win32
		{58C8660E-AF04-482B-B028-F31B0593B5C7}.Debug|Any CPU.Build.0 = Debug|Win32
		{58C8660E-AF04-482B-B028-F31B0593B5C7}.Debug|Mixed Platforms.ActiveCfg = Debug|Win32
		{58C8660E-AF04-482B-B028-F31B0593B5C7}.Debug|Mixed Platforms.Build.0 = Debug|Win32
		{58C8660E-AF04-482B-B028-F31B0593B5C7}.Debug|Win32.ActiveCfg = Debug|Win32
		{58C8660E-AF04-482B-B028-F31B0593B5C7}.Debug|Win32.Build.0 = Debug|Win32
		{58C8660E-AF04-482B-B028-F31B0593B5C7}.Release|Any CPU.ActiveCfg = Release|Win32
		{58C8660E-AF04-482B-B028-F31B0593B5C7}.Release|Any CPU.Build.0 = Release|Win32
		{58C8660E-AF04-482B-B028-F31B0593B5C7}.Release|Mixed Platforms.ActiveCfg = Release|Win32
		{58C8660E-AF04-482B-B028-F31B0593B5C7}.Release|Mixed Platforms.Build.0 = Release|Win32
		{58C8660E-AF04-482B-B028-F31B0593B5C7}.Release|Win32.ActiveCfg = Release|Win32
		{58C8660E-AF04-482B-B028-F31B0593B5C7}.Release|Win32.Build.0 = Release|Win32
		{58C8660E-AF04-482B-B028-F31B0593B5C7}.ReleaseSSD|Any CPU.ActiveCfg = Release|Win32
		{58C8660E-AF04-482B-B028-F31B0593B5C7}.ReleaseSSD|Mixed Platforms.ActiveCfg = Release|Win32
		{58C8660E-AF04-482B-B028-F31B0593B5C7}.ReleaseSSD|Mixed Platforms.Build.0 = Release|Win32
		{58C8660E-AF04-482B-B028-F31B0593B5C7}.ReleaseSSD|Win32.ActiveCfg = Release|Win32
		{58C8660E-AF04-482B-B028-F31B0593B5C7}.ReleaseSSD|Win32.Build.0 = Release|Win32
		{58C8660E-AF04-482B-B028-F31B0593B5C7}.Template|Any CPU.ActiveCfg = Release|Win32
		{58C8660E-AF04-482B-B028-F31B0593B5C7}.Template|Mixed Platforms.ActiveCfg = Release|Win32
		{58C8660E-AF04-482B-B028-F31B0593B5C7}.Template|Mixed Platforms.Build.0 = Release|Win32
		{58C8660E-AF04-482B-B028-F31B0593B5C7}.Template|Win32.ActiveCfg = Release|Win32
		{58C8660E-AF04-482B-B028-F31B0593B5C7}.Template|Win32.Build.0 = Release|Win32
		{8A653520-6C73-3892-8F5C-A26D57A5BE93}.Debug|Any CPU.ActiveCfg = Debug|Win32
		{8A653520-6C73-3892-8F5C-A26D57A5BE93}.Debug|Any CPU.Build.0 = Debug|Win32
		{8A653520-6C73-3892-8F5C-A26D57A5BE93}.Debug|Mixed Platforms.ActiveCfg = Debug|Win32
		{8A653520-6C73-3892-8F5C-A26D57A5BE93}.Debug|Mixed Platforms.Build.0 = Debug|Win32
		{8A653520-6C73-3892-8F5C-A26D57A5BE93}.Debug|Win32.ActiveCfg = Debug|Win32
		{8A653520-6C73-3892-8F5C-A26D57A5BE93}.Debug|Win32.Build.0 = Debug|Win32
		{8A653520-6C73-3892-8F5C-A26D57A5BE93}.Release|Any CPU.ActiveCfg = Release|Win32
		{8A653520-6C73-3892-8F5C-A26D57A5BE93}.Release|Any CPU.Build.0 = Release|Win32
		{8A653520-6C73-3892-8F5C-A26D57A5BE93}.Release|Mixed Platforms.ActiveCfg = Release|Win32
		{8A653520-6C73-3892-8F5C-A26D57A5BE93}.Release|Mixed Platforms.Build.0 = Release|Win32
		{8A653520-6C73-3892-8F5C-A26D57A5BE93}.Release|Win32.ActiveCfg = Release|Win32
		{8A653520-6C73-3892-8F5C-A26D57A5BE93}.Release|Win32.Build.0 = Release|Win32
		{8A653520-6C73-3892-8F5C-A26D57A5BE93}.ReleaseSSD|Any CPU.ActiveCfg = ReleaseSSD|Win32
		{8A653520-6C73-3892-8F5C-A26D57A5BE93}.ReleaseSSD|Mixed Platforms.ActiveCfg = ReleaseSSD|Win32
		{8A653520-6C73-3892-8F5C-A26D57A5BE93}.ReleaseSSD|Mixed Platforms.Build.0 = ReleaseSSD|Win32
		{8A653520-6C73-3892-8F5C-A26D57A5BE93}.ReleaseSSD|Win32.ActiveCfg = ReleaseSSD|Win32
		{8A653520-6C73-3892-8F5C-A26D57A5BE93}.ReleaseSSD|Win32.Build.0 = ReleaseSSD|Win32
		{8A653520-6C73-3892-8F5C-A26D57A5BE93}.Template|Any CPU.ActiveCfg = Release|Win32
		{8A653520-6C73-3892-8F5C-A26D57A5BE93}.Template|Mixed Platforms.ActiveCfg = Release|Win32
		{8A653520-6C73-3892-8F5C-A26D57A5BE93}.Template|Mixed Platforms.Build.0 = Release|Win32
		{8A653520-6C73-3892-8F5C-A26D57A5BE93}.Template|Win32.ActiveCfg = Release|Win32
		{8A653520-6C73-3892-8F5C-A26D57A5BE93}.Template|Win32.Build.0 = Release|Win32
		{F1DFB1B6-C17B-34C0-B17F-3E50D35A3975}.Debug|Any CPU.ActiveCfg = Debug|Win32
		{F1DFB1B6-C17B-34C0-B17F-3E50D35A3975}.Debug|Any CPU.Build.0 = Debug|Win32
		{F1DFB1B6-C17B-34C0-B17F-3E50D35A3975}.Debug|Mixed Platforms.ActiveCfg = Debug|Win32
		{F1DFB1B6-C17B-34C0-B17F-3E50D35A3975}.Debug|Mixed Platforms.Build.0 = Debug|Win32
		{F1DFB1B6-C17B-34C0-B17F-3E50D35A3975}.Debug|Win32.ActiveCfg = Debug|Win32
		{F1DFB1B6-C17B-34C0-B17F-3E50D35A3975}.Debug|Win32.Build.0 = Debug|Win32
		{F1DFB1B6-C17B-34C0-B17F-3E50D35A3975}.Release|Any CPU.ActiveCfg = Release|Win32
		{F1DFB1B6-C17B-34C0-B17F-3E50D35A3975}.Release|Any CPU.Build.0 = Release|Win32
		{F1DFB1B6-C17B-34C0-B17F-3E50D35A3975}.Release|Mixed Platforms.ActiveCfg = Release|Win32
		{F1DFB1B6-C17B-34C0-B17F-3E50D35A3975}.Release|Mixed Platforms.Build.0 = Release|Win32
		{F1DFB1B6-C17B-34C0-B17F-3E50D35A3975}.Release|Win32.ActiveCfg = Release|Win32
		{F1DFB1B6-C17B-34C0-B17F-3E50D35A3975}.Release|Win32.Build.0 = Release|Win32
		{F1DFB1B6-C17B-34C0-B17F-3E50D35A3975}.ReleaseSSD|Any CPU.ActiveCfg = Release|Win32
		{F1DFB1B6-C17B-34C0-B17F-3E50D35A3975}.ReleaseSSD|Mixed Platforms.ActiveCfg = Release|Win32
		{F1DFB1B6-C17B-34C0-B17F-3E50D35A3975}.ReleaseSSD|Mixed Platforms.Build.0 = Release|Win32
		{F1DFB1B6-C17B-34C0-B17F-3E50D35A3975}.ReleaseSSD|Win32.ActiveCfg = Release|Win32
		{F1DFB1B6-C17B-34C0-B17F-3E50D35A3975}.ReleaseSSD|Win32.Build.0 = Release|Win32
		{F1DFB1B6-C17B-34C0-B17F-3E50D35A3975}.Template|Any CPU.ActiveCfg = Release|Win32
		{F1DFB1B6-C17B-34C0-B17F-3E50D35A3975}.Template|Mixed Platforms.ActiveCfg = Release|Win32
		{F1DFB1B6-C17B-34C0-B17F-3E50D35A3975}.Template|Mixed Platforms.Build.0 = Release|Win32
		{F1DFB1B6-C17B-34C0-B17F-3E50D35A3975}.Template|Win32.ActiveCfg = Release|Win32
		{F1DFB1B6-C17B-34C0-B17F-3E50D35A3975}.Template|Win32.Build.0 = Release|Win32
		{02086719-A686-4AB9-B2CE-5E19F843217B}.Debug|Any CPU.ActiveCfg = Debug|Win32
		{02086719-A686-4AB9-B2CE-5E19F843217B}.Debug|Mixed Platforms.ActiveCfg = Debug|Win32
		{02086719-A686-4AB9-B2CE-5E19F843217B}.Debug|Mixed Platforms.Build.0 = Debug|Win32
		{02086719-A686-4AB9-B2CE-5E19F843217B}.Debug|Win32.ActiveCfg = Debug|Win32
		{02086719-A686-4AB9-B2CE-5E19F843217B}.Debug|Win32.Build.0 = Debug|Win32
		{02086719-A686-4AB9-B2CE-5E19F843217B}.Release|Any CPU.ActiveCfg = Release|Win32
		{02086719-A686-4AB9-B2CE-5E19F843217B}.Release|Mixed Platforms.ActiveCfg = Release|Win32
		{02086719-A686-4AB9-B2CE-5E19F843217B}.Release|Mixed Platforms.Build.0 = Release|Win32
		{02086719-A686-4AB9-B2CE-5E19F843217B}.Release|Win32.ActiveCfg = Release|Win32
		{02086719-A686-4AB9-B2CE-5E19F843217B}.Release|Win32.Build.0 = Release|Win32
		{02086719-A686-4AB9-B2CE-5E19F843217B}.ReleaseSSD|Any CPU.ActiveCfg = Release|Win32
		{02086719-A686-4AB9-B2CE-5E19F843217B}.ReleaseSSD|Mixed Platforms.ActiveCfg = Release|Win32
		{02086719-A686-4AB9-B2CE-5E19F843217B}.ReleaseSSD|Mixed Platforms.Build.0 = Release|Win32
		{02086719-A686-4AB9-B2CE-5E19F843217B}.ReleaseSSD|Win32.ActiveCfg = Release|Win32
		{02086719-A686-4AB9-B2CE-5E19F843217B}.ReleaseSSD|Win32.Build.0 = Release|Win32
		{02086719-A686-4AB9-B2CE-5E19F843217B}.Template|Any CPU.ActiveCfg = Release|Win32
		{02086719-A686-4AB9-B2CE-5E19F843217B}.Template|Mixed Platforms.ActiveCfg = Release|Win32
		{02086719-A686-4AB9-B2CE-5E19F843217B}.Template|Mixed Platforms.Build.0 = Release|Win32
		{02086719-A686-4AB9-B2CE-5E19F843217B}.Template|Win32.ActiveCfg = Release|Win32
		{02086719-A686-4AB9-B2CE-5E19F843217B}.Template|Win32.Build.0 = Release|Win32
	EndGlobalSection
	GlobalSection(SolutionProperties) = preSolution
		HideSolutionNode = FALSE
	EndGlobalSection
EndGlobal
